# THIS IS AN AUTOGENERATED FILE. DO NOT EDIT THIS FILE DIRECTLY.
# yarn lockfile v1


long@^2.2.5:
  version "2.4.0"
  resolved "https://registry.yarnpkg.com/long/-/long-2.4.0.tgz#9fa180bb1d9500cdc29c4156766a1995e1f4524f"

node-firebird@^0.8.4:
  version "0.8.4"
  resolved "https://registry.yarnpkg.com/node-firebird/-/node-firebird-0.8.4.tgz#e7cdc76f8611ab3fa5f7e1023da23bb82e60259b"
  dependencies:
    long "^2.2.5"
